
Microsoft Visual Studio Solution File, Format Version 12.00
# Visual Studio Version 16
VisualStudioVersion = 16.0.30114.105
MinimumVisualStudioVersion = 10.0.40219.1
Project("{FAE04EC0-301F-11D3-BF4B-00C04F79EFBC}") = "App.Application", "App.Application\App.Application.csproj", "{AEC78FC0-692C-48AF-B6FF-F1D72CB0159F}"
EndProject
Project("{FAE04EC0-301F-11D3-BF4B-00C04F79EFBC}") = "App.Domain", "App.Domain\App.Domain.csproj", "{21E0BD31-80F0-4F8E-BA0B-0CDA1D9E3A8B}"
EndProject
Project("{FAE04EC0-301F-11D3-BF4B-00C04F79EFBC}") = "App.WebAPI", "App.WebAPI\App.WebAPI.csproj", "{0B4F5B44-5015-4ED2-AEDF-446360619965}"
EndProject
Project("{FAE04EC0-301F-11D3-BF4B-00C04F79EFBC}") = "App.Test", "App.Test\App.Test.csproj", "{90028C01-498A-49D4-95BD-68F0C6965AB2}"
EndProject
Project("{FAE04EC0-301F-11D3-BF4B-00C04F79EFBC}") = "App.Infra.Data", "App.Infra.Data\App.Infra.Data.csproj", "{59EC63DF-5651-45F3-A341-8BB3725A2165}"
EndProject
Project("{FAE04EC0-301F-11D3-BF4B-00C04F79EFBC}") = "App.Infra.CrossCutting", "App.Infra.CrossCutting\App.Infra.CrossCutting.csproj", "{2A2C6830-99F2-4BB4-B7BA-16B540EE3190}"
EndProject
Global
	GlobalSection(SolutionConfigurationPlatforms) = preSolution
		Debug|Any CPU = Debug|Any CPU
		Debug|x64 = Debug|x64
		Debug|x86 = Debug|x86
		Release|Any CPU = Release|Any CPU
		Release|x64 = Release|x64
		Release|x86 = Release|x86
	EndGlobalSection
	GlobalSection(SolutionProperties) = preSolution
		HideSolutionNode = FALSE
	EndGlobalSection
	GlobalSection(ProjectConfigurationPlatforms) = postSolution
		{AEC78FC0-692C-48AF-B6FF-F1D72CB0159F}.Debug|Any CPU.ActiveCfg = Debug|Any CPU
		{AEC78FC0-692C-48AF-B6FF-F1D72CB0159F}.Debug|Any CPU.Build.0 = Debug|Any CPU
		{AEC78FC0-692C-48AF-B6FF-F1D72CB0159F}.Debug|x64.ActiveCfg = Debug|Any CPU
		{AEC78FC0-692C-48AF-B6FF-F1D72CB0159F}.Debug|x64.Build.0 = Debug|Any CPU
		{AEC78FC0-692C-48AF-B6FF-F1D72CB0159F}.Debug|x86.ActiveCfg = Debug|Any CPU
		{AEC78FC0-692C-48AF-B6FF-F1D72CB0159F}.Debug|x86.Build.0 = Debug|Any CPU
		{AEC78FC0-692C-48AF-B6FF-F1D72CB0159F}.Release|Any CPU.ActiveCfg = Release|Any CPU
		{AEC78FC0-692C-48AF-B6FF-F1D72CB0159F}.Release|Any CPU.Build.0 = Release|Any CPU
		{AEC78FC0-692C-48AF-B6FF-F1D72CB0159F}.Release|x64.ActiveCfg = Release|Any CPU
		{AEC78FC0-692C-48AF-B6FF-F1D72CB0159F}.Release|x64.Build.0 = Release|Any CPU
		{AEC78FC0-692C-48AF-B6FF-F1D72CB0159F}.Release|x86.ActiveCfg = Release|Any CPU
		{AEC78FC0-692C-48AF-B6FF-F1D72CB0159F}.Release|x86.Build.0 = Release|Any CPU
		{21E0BD31-80F0-4F8E-BA0B-0CDA1D9E3A8B}.Debug|Any CPU.ActiveCfg = Debug|Any CPU
		{21E0BD31-80F0-4F8E-BA0B-0CDA1D9E3A8B}.Debug|Any CPU.Build.0 = Debug|Any CPU
		{21E0BD31-80F0-4F8E-BA0B-0CDA1D9E3A8B}.Debug|x64.ActiveCfg = Debug|Any CPU
		{21E0BD31-80F0-4F8E-BA0B-0CDA1D9E3A8B}.Debug|x64.Build.0 = Debug|Any CPU
		{21E0BD31-80F0-4F8E-BA0B-0CDA1D9E3A8B}.Debug|x86.ActiveCfg = Debug|Any CPU
		{21E0BD31-80F0-4F8E-BA0B-0CDA1D9E3A8B}.Debug|x86.Build.0 = Debug|Any CPU
		{21E0BD31-80F0-4F8E-BA0B-0CDA1D9E3A8B}.Release|Any CPU.ActiveCfg = Release|Any CPU
		{21E0BD31-80F0-4F8E-BA0B-0CDA1D9E3A8B}.Release|Any CPU.Build.0 = Release|Any CPU
		{21E0BD31-80F0-4F8E-BA0B-0CDA1D9E3A8B}.Release|x64.ActiveCfg = Release|Any CPU
		{21E0BD31-80F0-4F8E-BA0B-0CDA1D9E3A8B}.Release|x64.Build.0 = Release|Any CPU
		{21E0BD31-80F0-4F8E-BA0B-0CDA1D9E3A8B}.Release|x86.ActiveCfg = Release|Any CPU
		{21E0BD31-80F0-4F8E-BA0B-0CDA1D9E3A8B}.Release|x86.Build.0 = Release|Any CPU
		{85CF0D95-095D-4F4D-9DD3-E8209A7ADAEC}.Debug|Any CPU.ActiveCfg = Debug|Any CPU
		{85CF0D95-095D-4F4D-9DD3-E8209A7ADAEC}.Debug|Any CPU.Build.0 = Debug|Any CPU
		{85CF0D95-095D-4F4D-9DD3-E8209A7ADAEC}.Debug|x64.ActiveCfg = Debug|Any CPU
		{85CF0D95-095D-4F4D-9DD3-E8209A7ADAEC}.Debug|x64.Build.0 = Debug|Any CPU
		{85CF0D95-095D-4F4D-9DD3-E8209A7ADAEC}.Debug|x86.ActiveCfg = Debug|Any CPU
		{85CF0D95-095D-4F4D-9DD3-E8209A7ADAEC}.Debug|x86.Build.0 = Debug|Any CPU
		{85CF0D95-095D-4F4D-9DD3-E8209A7ADAEC}.Release|Any CPU.ActiveCfg = Release|Any CPU
		{85CF0D95-095D-4F4D-9DD3-E8209A7ADAEC}.Release|Any CPU.Build.0 = Release|Any CPU
		{85CF0D95-095D-4F4D-9DD3-E8209A7ADAEC}.Release|x64.ActiveCfg = Release|Any CPU
		{85CF0D95-095D-4F4D-9DD3-E8209A7ADAEC}.Release|x64.Build.0 = Release|Any CPU
		{85CF0D95-095D-4F4D-9DD3-E8209A7ADAEC}.Release|x86.ActiveCfg = Release|Any CPU
		{85CF0D95-095D-4F4D-9DD3-E8209A7ADAEC}.Release|x86.Build.0 = Release|Any CPU
		{0B4F5B44-5015-4ED2-AEDF-446360619965}.Debug|Any CPU.ActiveCfg = Debug|Any CPU
		{0B4F5B44-5015-4ED2-AEDF-446360619965}.Debug|Any CPU.Build.0 = Debug|Any CPU
		{0B4F5B44-5015-4ED2-AEDF-446360619965}.Debug|x64.ActiveCfg = Debug|Any CPU
		{0B4F5B44-5015-4ED2-AEDF-446360619965}.Debug|x64.Build.0 = Debug|Any CPU
		{0B4F5B44-5015-4ED2-AEDF-446360619965}.Debug|x86.ActiveCfg = Debug|Any CPU
		{0B4F5B44-5015-4ED2-AEDF-446360619965}.Debug|x86.Build.0 = Debug|Any CPU
		{0B4F5B44-5015-4ED2-AEDF-446360619965}.Release|Any CPU.ActiveCfg = Release|Any CPU
		{0B4F5B44-5015-4ED2-AEDF-446360619965}.Release|Any CPU.Build.0 = Release|Any CPU
		{0B4F5B44-5015-4ED2-AEDF-446360619965}.Release|x64.ActiveCfg = Release|Any CPU
		{0B4F5B44-5015-4ED2-AEDF-446360619965}.Release|x64.Build.0 = Release|Any CPU
		{0B4F5B44-5015-4ED2-AEDF-446360619965}.Release|x86.ActiveCfg = Release|Any CPU
		{0B4F5B44-5015-4ED2-AEDF-446360619965}.Release|x86.Build.0 = Release|Any CPU
		{90028C01-498A-49D4-95BD-68F0C6965AB2}.Debug|Any CPU.ActiveCfg = Debug|Any CPU
		{90028C01-498A-49D4-95BD-68F0C6965AB2}.Debug|Any CPU.Build.0 = Debug|Any CPU
		{90028C01-498A-49D4-95BD-68F0C6965AB2}.Debug|x64.ActiveCfg = Debug|Any CPU
		{90028C01-498A-49D4-95BD-68F0C6965AB2}.Debug|x64.Build.0 = Debug|Any CPU
		{90028C01-498A-49D4-95BD-68F0C6965AB2}.Debug|x86.ActiveCfg = Debug|Any CPU
		{90028C01-498A-49D4-95BD-68F0C6965AB2}.Debug|x86.Build.0 = Debug|Any CPU
		{90028C01-498A-49D4-95BD-68F0C6965AB2}.Release|Any CPU.ActiveCfg = Release|Any CPU
		{90028C01-498A-49D4-95BD-68F0C6965AB2}.Release|Any CPU.Build.0 = Release|Any CPU
		{90028C01-498A-49D4-95BD-68F0C6965AB2}.Release|x64.ActiveCfg = Release|Any CPU
		{90028C01-498A-49D4-95BD-68F0C6965AB2}.Release|x64.Build.0 = Release|Any CPU
		{90028C01-498A-49D4-95BD-68F0C6965AB2}.Release|x86.ActiveCfg = Release|Any CPU
		{90028C01-498A-49D4-95BD-68F0C6965AB2}.Release|x86.Build.0 = Release|Any CPU
		{59EC63DF-5651-45F3-A341-8BB3725A2165}.Debug|Any CPU.ActiveCfg = Debug|Any CPU
		{59EC63DF-5651-45F3-A341-8BB3725A2165}.Debug|Any CPU.Build.0 = Debug|Any CPU
		{59EC63DF-5651-45F3-A341-8BB3725A2165}.Debug|x64.ActiveCfg = Debug|Any CPU
		{59EC63DF-5651-45F3-A341-8BB3725A2165}.Debug|x64.Build.0 = Debug|Any CPU
		{59EC63DF-5651-45F3-A341-8BB3725A2165}.Debug|x86.ActiveCfg = Debug|Any CPU
		{59EC63DF-5651-45F3-A341-8BB3725A2165}.Debug|x86.Build.0 = Debug|Any CPU
		{59EC63DF-5651-45F3-A341-8BB3725A2165}.Release|Any CPU.ActiveCfg = Release|Any CPU
		{59EC63DF-5651-45F3-A341-8BB3725A2165}.Release|Any CPU.Build.0 = Release|Any CPU
		{59EC63DF-5651-45F3-A341-8BB3725A2165}.Release|x64.ActiveCfg = Release|Any CPU
		{59EC63DF-5651-45F3-A341-8BB3725A2165}.Release|x64.Build.0 = Release|Any CPU
		{59EC63DF-5651-45F3-A341-8BB3725A2165}.Release|x86.ActiveCfg = Release|Any CPU
		{59EC63DF-5651-45F3-A341-8BB3725A2165}.Release|x86.Build.0 = Release|Any CPU
		{2A2C6830-99F2-4BB4-B7BA-16B540EE3190}.Debug|Any CPU.ActiveCfg = Debug|Any CPU
		{2A2C6830-99F2-4BB4-B7BA-16B540EE3190}.Debug|Any CPU.Build.0 = Debug|Any CPU
		{2A2C6830-99F2-4BB4-B7BA-16B540EE3190}.Debug|x64.ActiveCfg = Debug|Any CPU
		{2A2C6830-99F2-4BB4-B7BA-16B540EE3190}.Debug|x64.Build.0 = Debug|Any CPU
		{2A2C6830-99F2-4BB4-B7BA-16B540EE3190}.Debug|x86.ActiveCfg = Debug|Any CPU
		{2A2C6830-99F2-4BB4-B7BA-16B540EE3190}.Debug|x86.Build.0 = Debug|Any CPU
		{2A2C6830-99F2-4BB4-B7BA-16B540EE3190}.Release|Any CPU.ActiveCfg = Release|Any CPU
		{2A2C6830-99F2-4BB4-B7BA-16B540EE3190}.Release|Any CPU.Build.0 = Release|Any CPU
		{2A2C6830-99F2-4BB4-B7BA-16B540EE3190}.Release|x64.ActiveCfg = Release|Any CPU
		{2A2C6830-99F2-4BB4-B7BA-16B540EE3190}.Release|x64.Build.0 = Release|Any CPU
		{2A2C6830-99F2-4BB4-B7BA-16B540EE3190}.Release|x86.ActiveCfg = Release|Any CPU
		{2A2C6830-99F2-4BB4-B7BA-16B540EE3190}.Release|x86.Build.0 = Release|Any CPU
	EndGlobalSection
EndGlobal
